{
  "name": "h_p_p-html",
  "lockfileVersion": 3,
  "requires": true,
  "packages": {
    "": {
      "dependencies": {
        "css-doodle": "^0.37.2"
      }
    },
    "node_modules/css-doodle": {
      "version": "0.37.2",
      "resolved": "https://registry.npmjs.org/css-doodle/-/css-doodle-0.37.2.tgz",
      "integrity": "sha512-lzePoMNDFHZpTUbMArcm4kghwEbZ3fj8NnTgHdzyFxiK2p6XY8UTxeRcXsDmXUy1v1pTZl33+A+VFJj/MO1dNA==",
      "funding": {
        "type": "opencollective",
        "url": "https://opencollective.com/css-doodle"
      }
    }
  }
}
